
Microsoft Visual Studio Solution File, Format Version 12.00
# Visual Studio Version 17
VisualStudioVersion = 17.4.33403.182
MinimumVisualStudioVersion = 10.0.40219.1
Project("{9A19103F-16F7-4668-BE54-9A1E7A4F7556}") = "WeatherApplication", "WeatherApplication\WeatherApplication.csproj", "{214253BA-02F8-4347-9D03-F9336BD3E1FD}"
EndProject
Project("{9A19103F-16F7-4668-BE54-9A1E7A4F7556}") = "WeatherApplicationNUnitTest", "WeatherApplicationNUnitTest\WeatherApplicationNUnitTest.csproj", "{3C9FC770-ADB8-4ADB-B70B-97E5EECEB91C}"
EndProject
Global
	GlobalSection(SolutionConfigurationPlatforms) = preSolution
		Debug|Any CPU = Debug|Any CPU
		Release|Any CPU = Release|Any CPU
	EndGlobalSection
	GlobalSection(ProjectConfigurationPlatforms) = postSolution
		{214253BA-02F8-4347-9D03-F9336BD3E1FD}.Debug|Any CPU.ActiveCfg = Debug|Any CPU
		{214253BA-02F8-4347-9D03-F9336BD3E1FD}.Debug|Any CPU.Build.0 = Debug|Any CPU
		{214253BA-02F8-4347-9D03-F9336BD3E1FD}.Release|Any CPU.ActiveCfg = Release|Any CPU
		{214253BA-02F8-4347-9D03-F9336BD3E1FD}.Release|Any CPU.Build.0 = Release|Any CPU
		{3C9FC770-ADB8-4ADB-B70B-97E5EECEB91C}.Debug|Any CPU.ActiveCfg = Debug|Any CPU
		{3C9FC770-ADB8-4ADB-B70B-97E5EECEB91C}.Debug|Any CPU.Build.0 = Debug|Any CPU
		{3C9FC770-ADB8-4ADB-B70B-97E5EECEB91C}.Release|Any CPU.ActiveCfg = Release|Any CPU
		{3C9FC770-ADB8-4ADB-B70B-97E5EECEB91C}.Release|Any CPU.Build.0 = Release|Any CPU
	EndGlobalSection
	GlobalSection(SolutionProperties) = preSolution
		HideSolutionNode = FALSE
	EndGlobalSection
	GlobalSection(ExtensibilityGlobals) = postSolution
		SolutionGuid = {FBA5882B-5782-4178-84B2-248500564DBD}
	EndGlobalSection
EndGlobal
